
Microsoft Visual Studio Solution File, Format Version 12.00
# Visual Studio Version 16
VisualStudioVersion = 16.0.29920.165
MinimumVisualStudioVersion = 10.0.40219.1
Project("{9A19103F-16F7-4668-BE54-9A1E7A4F7556}") = "VehicleRunsheetMBAProj", "VehicleRunsheetMBA\VehicleRunsheetMBAProj.csproj", "{54AF75DD-2A96-4852-97D6-501688D1B8D1}"
EndProject
Global
	GlobalSection(SolutionConfigurationPlatforms) = preSolution
		Debug|Any CPU = Debug|Any CPU
		Release|Any CPU = Release|Any CPU
	EndGlobalSection
	GlobalSection(ProjectConfigurationPlatforms) = postSolution
		{54AF75DD-2A96-4852-97D6-501688D1B8D1}.Debug|Any CPU.ActiveCfg = Debug|Any CPU
		{54AF75DD-2A96-4852-97D6-501688D1B8D1}.Debug|Any CPU.Build.0 = Debug|Any CPU
		{54AF75DD-2A96-4852-97D6-501688D1B8D1}.Release|Any CPU.ActiveCfg = Release|Any CPU
		{54AF75DD-2A96-4852-97D6-501688D1B8D1}.Release|Any CPU.Build.0 = Release|Any CPU
	EndGlobalSection
	GlobalSection(SolutionProperties) = preSolution
		HideSolutionNode = FALSE
	EndGlobalSection
	GlobalSection(ExtensibilityGlobals) = postSolution
		SolutionGuid = {5F5D465F-2C28-49F9-948A-5E6C6A198994}
	EndGlobalSection
EndGlobal
